github.com/YarikRevich/GSL v0.0.0-20210814192237-382c0edab67a/go.mod h1:z3dY1T8L7pGnthloB0VaHHvj/5YZ+31C9sa4cdzfvSU=
github.com/YarikRevich/game-networking v0.0.0-20210914172634-87fb961d585c h1:DkRDsXZQ5eZsBZNl+Zwy8BTQiuGRKJzPRScMMt/Q+uQ=
github.com/YarikRevich/game-networking v0.0.0-20210914172634-87fb961d585c/go.mod h1:Ho7IyJWr0tIfLjXSaw15rL0XkUOSnv7+tjD757roKUs=
github.com/YarikRevich/game-networking v0.0.0-20210921142546-b166acbe2a41 h1:ksEl2uJzhKbfMGJTkEdWj+WioO89nhU0cBv6r0fPCNw=
github.com/YarikRevich/game-networking v0.0.0-20210921142546-b166acbe2a41/go.mod h1:jwhZHlQlCewXkmullaFUDj+puKp3x/WixZ+1fPMZj2o=
github.com/YarikRevich/game-networking v0.0.0-20210921152132-3240cfc9fbc5 h1:wIWw/WdfByxgL8st7De9vbyltFUM/nLkoyROiFOwBdY=
github.com/YarikRevich/game-networking v0.0.0-20210921152132-3240cfc9fbc5/go.mod h1:jwhZHlQlCewXkmullaFUDj+puKp3x/WixZ+1fPMZj2o=
github.com/YarikRevich/game-networking v0.0.0-20210922180602-7fe9d289ad21 h1:YL2OGrSBW53rS3n/peCJvy0MFxUvRoZFBb05PSVr2pM=
github.com/YarikRevich/game-networking v0.0.0-20210922180602-7fe9d289ad21/go.mod h1:z7lXNztBmZRz6QqddR2Y/xqNQracDJIk+9/PG3Odirw=
github.com/YarikRevich/game-networking v0.0.0-20211010045747-2b5ebcb51a33 h1:EU1iV+vRPb7JuPKaPon6/b1xnhbtdB+esxEheEgvm2Q=
github.com/YarikRevich/game-networking v0.0.0-20211010045747-2b5ebcb51a33/go.mod h1:z7lXNztBmZRz6QqddR2Y/xqNQracDJIk+9/PG3Odirw=
github.com/YarikRevich/game-networking v0.0.0-20211010084251-a1020d5cf49a h1:GnJcJePj3oZzfTCCC7lCTIrPBVzwGUPs/ElRvTAjjo8=
github.com/YarikRevich/game-networking v0.0.0-20211010084251-a1020d5cf49a/go.mod h1:z7lXNztBmZRz6QqddR2Y/xqNQracDJIk+9/PG3Odirw=
github.com/YarikRevich/game-networking v0.0.0-20211010090153-9f41abdb26d8 h1:WUZxSaiO56glU+SX6b5AW1mBrrByYigeiMDJKB2ajKs=
github.com/YarikRevich/game-networking v0.0.0-20211010090153-9f41abdb26d8/go.mod h1:z7lXNztBmZRz6QqddR2Y/xqNQracDJIk+9/PG3Odirw=
github.com/YarikRevich/game-networking v0.0.0-20211010091438-e78800b4e6a2 h1:E2U5k/rUq95eWZeivLm2xM2y9UHGowAiVCpB4MrgRYc=
github.com/YarikRevich/game-networking v0.0.0-20211010091438-e78800b4e6a2/go.mod h1:z7lXNztBmZRz6QqddR2Y/xqNQracDJIk+9/PG3Odirw=
github.com/YarikRevich/game-networking v0.0.0-20211010104201-9cea903fd2a6 h1:k4fM6KjgR1+ep/GwxkNQo/xBjO1vYMo/BXQ4fP0AnM4=
github.com/YarikRevich/game-networking v0.0.0-20211010104201-9cea903fd2a6/go.mod h1:z7lXNztBmZRz6QqddR2Y/xqNQracDJIk+9/PG3Odirw=
github.com/YarikRevich/game-networking v1.1.1 h1:ysIqS3TnOaFzco3MQ8H66qV3ev/CGfP0T2J0tFs5wtc=
github.com/YarikRevich/game-networking v1.1.1/go.mod h1:z7lXNztBmZRz6QqddR2Y/xqNQracDJIk+9/PG3Odirw=
github.com/YarikRevich/game-networking v1.1.2-0.20211010122228-b848f46f283d h1:aUfN4of/5fUCcDsndZ4elZ1iOTAtMRAOAKEdwjYV74I=
github.com/YarikRevich/game-networking v1.1.2-0.20211010122228-b848f46f283d/go.mod h1:z7lXNztBmZRz6QqddR2Y/xqNQracDJIk+9/PG3Odirw=
github.com/YarikRevich/game-networking v1.1.2-0.20211010124543-3430de07b704 h1:c6OZsH4fYUkJbnrWyIBIPdrS1hsbWtzDt1tTVnCFP8c=
github.com/YarikRevich/game-networking v1.1.2-0.20211010124543-3430de07b704/go.mod h1:z7lXNztBmZRz6QqddR2Y/xqNQracDJIk+9/PG3Odirw=
github.com/YarikRevich/game-networking v1.1.2-0.20211010124922-15d3bcf27cef h1:9grFlpuWtzRq0OaRUsGyCTAZQSkMbGSzkEcCWm8jwEQ=
github.com/YarikRevich/game-networking v1.1.2-0.20211010124922-15d3bcf27cef/go.mod h1:z7lXNztBmZRz6QqddR2Y/xqNQracDJIk+9/PG3Odirw=
github.com/YarikRevich/game-networking v1.1.2 h1:FlL1uPeME+A0aJbUazvYuRCp9pSUROi/dJfl/ZWLx3k=
github.com/YarikRevich/game-networking v1.1.2/go.mod h1:z7lXNztBmZRz6QqddR2Y/xqNQracDJIk+9/PG3Odirw=
github.com/YarikRevich/game-networking v1.1.3-0.20211011114137-5e4788a24e1f h1:97IE8sjFaXWSOBEDgAkQUwkVspSRCp5AIsDcsmWwM/4=
github.com/YarikRevich/game-networking v1.1.3-0.20211011114137-5e4788a24e1f/go.mod h1:z7lXNztBmZRz6QqddR2Y/xqNQracDJIk+9/PG3Odirw=
github.com/YarikRevich/game-networking v1.1.3-0.20211011202212-2ac1355545f7 h1:371JWGWW7DfcGz+yhRWUr8he/DRikeCzU1NL5G38Z+Y=
github.com/YarikRevich/game-networking v1.1.3-0.20211011202212-2ac1355545f7/go.mod h1:z7lXNztBmZRz6QqddR2Y/xqNQracDJIk+9/PG3Odirw=
github.com/YarikRevich/game-networking v1.1.3 h1:ZM5iTIUREG1/sapAJQWlHC3Dcsm/gBzvaEKnaUnCnK8=
github.com/YarikRevich/game-networking v1.1.3/go.mod h1:z7lXNztBmZRz6QqddR2Y/xqNQracDJIk+9/PG3Odirw=
github.com/YarikRevich/game-networking v1.1.4-0.20211011203547-2e2c32c4143d h1:Y7kzqQVr8qHmFrp3ni3qAyntb5hcpWnmnHZNEpF9l5w=
github.com/YarikRevich/game-networking v1.1.4-0.20211011203547-2e2c32c4143d/go.mod h1:z7lXNztBmZRz6QqddR2Y/xqNQracDJIk+9/PG3Odirw=
github.com/YarikRevich/game-networking v1.1.4-0.20211012183714-a9aeaf87473a h1:1HjSepYCM9+QtVqn6kxZXVzf3Yf0TOTMurwcdx8f+aA=
github.com/YarikRevich/game-networking v1.1.4-0.20211012183714-a9aeaf87473a/go.mod h1:VwKbbQ+vvQuLahtdiuIKrZ7uIL0ooyM8Ycc+zTd88rY=
github.com/YarikRevich/game-networking v1.1.4-0.20211013202537-3e904a6dba93 h1:T4DNbxYmvmjljfvQbCrkXyAo8pzsGGtdefaFm0FBJsE=
github.com/YarikRevich/game-networking v1.1.4-0.20211013202537-3e904a6dba93/go.mod h1:VwKbbQ+vvQuLahtdiuIKrZ7uIL0ooyM8Ycc+zTd88rY=
github.com/YarikRevich/game-networking v1.1.4-0.20211014065053-d527f9afb0bf h1:SLb9PMTjZD7GAAKz06gPPW65GcmBGGV2bbd+1N7Ir+k=
github.com/YarikRevich/game-networking v1.1.4-0.20211014065053-d527f9afb0bf/go.mod h1:VwKbbQ+vvQuLahtdiuIKrZ7uIL0ooyM8Ycc+zTd88rY=
github.com/YarikRevich/game-networking v1.1.4-0.20211015091403-28d5f3c096dc h1:nj517yq1DO4yLnk1+qVYw/wZ/bmVALPk9uJtOnTXOBo=
github.com/YarikRevich/game-networking v1.1.4-0.20211015091403-28d5f3c096dc/go.mod h1:gSL3+YT95jFTHsOErMTULUUflkK66Tvi/LEGSy+b9Jo=
github.com/YarikRevich/game-networking v1.1.4-0.20211015105513-131a940864a3 h1:PZvLRWx55VZvW9kftN6WzwBCzBKa2dHDsLPGkrTRlRg=
github.com/YarikRevich/game-networking v1.1.4-0.20211015105513-131a940864a3/go.mod h1:gSL3+YT95jFTHsOErMTULUUflkK66Tvi/LEGSy+b9Jo=
github.com/YarikRevich/game-networking v1.1.4-0.20211015110738-ea9437e52dd9 h1:VsGPVWXNP7trCzmW8TB2mzXxVQSL/qKxIPtB8Ol9vzU=
github.com/YarikRevich/game-networking v1.1.4-0.20211015110738-ea9437e52dd9/go.mod h1:gSL3+YT95jFTHsOErMTULUUflkK66Tvi/LEGSy+b9Jo=
github.com/YarikRevich/game-networking v1.1.4-0.20211015121201-042b2e973b05 h1:wa+1kqHgqHOhNZ4v3kkfL0QC7CcoBbX6eGetBTwnpAs=
github.com/YarikRevich/game-networking v1.1.4-0.20211015121201-042b2e973b05/go.mod h1:gSL3+YT95jFTHsOErMTULUUflkK66Tvi/LEGSy+b9Jo=
github.com/YarikRevich/game-networking v1.1.4-0.20211015141309-a9a7c3e19797 h1:kHC0ViuvyGDuBBo/D4fG9i+JRrqPpCEu3sIxuuED9qc=
github.com/YarikRevich/game-networking v1.1.4-0.20211015141309-a9a7c3e19797/go.mod h1:gSL3+YT95jFTHsOErMTULUUflkK66Tvi/LEGSy+b9Jo=
github.com/YarikRevich/game-networking v1.1.4-0.20211015150625-86d96e1221b6 h1:rYx14LpueMIMfdiBiSmNhAkxD82YRYMaOCIWiL7xTV0=
github.com/YarikRevich/game-networking v1.1.4-0.20211015150625-86d96e1221b6/go.mod h1:gSL3+YT95jFTHsOErMTULUUflkK66Tvi/LEGSy+b9Jo=
github.com/YarikRevich/wrapper v0.0.0-20210919192625-fd9de6c41066 h1:Au84OIFwtF42CEEIrg4mELpTCjNCe/4/z79ueRuIOlo=
github.com/YarikRevich/wrapper v0.0.0-20210919192625-fd9de6c41066/go.mod h1:cH6oCR/g/lSsb0qfjiIH2IFD0nUyD3LFCVFoX45e/Q0=
github.com/davecgh/go-spew v1.1.0/go.mod h1:J7Y8YcW2NihsgmVo/mv3lAwl/skON4iLHjSsI+c5H38=
github.com/davecgh/go-spew v1.1.1/go.mod h1:J7Y8YcW2NihsgmVo/mv3lAwl/skON4iLHjSsI+c5H38=
github.com/franela/goblin v0.0.0-20210519012713-85d372ac71e2 h1:cZqz+yOJ/R64LcKjNQOdARott/jP7BnUQ9Ah7KaZCvw=
github.com/franela/goblin v0.0.0-20210519012713-85d372ac71e2/go.mod h1:VzmDKDJVZI3aJmnRI9VjAn9nJ8qPPsN1fqzr9dqInIo=
github.com/go-ping/ping v0.0.0-20210506233800-ff8be3320020/go.mod h1:KmHOjTUmJh/l04ukqPoBWPEZr9jwN05h5NXQl5C+DyY=
github.com/go-ping/ping v0.0.0-20210911151512-381826476871/go.mod h1:xIFjORFzTxqIV/tDVGO4eDy/bLuSyawEeojSm3GfRGk=
github.com/golang/mock v1.6.0/go.mod h1:p6yTPP+5HYm5mzsMV8JkE6ZKdX+/wYM6Hr+LicevLPs=
github.com/google/uuid v1.2.0/go.mod h1:TIyPZe4MgqvfeYDBFedMoGGpEw/LqOeaOT+nhxU+yHo=
github.com/google/uuid v1.3.0 h1:t6JiXgmwXMjEs8VusXIJk2BXHsn+wx8BZdTaoZ5fu7I=
github.com/google/uuid v1.3.0/go.mod h1:TIyPZe4MgqvfeYDBFedMoGGpEw/LqOeaOT+nhxU+yHo=
github.com/hashicorp/go-version v0.0.0-20161031182605-e96d38404026 h1:qWx/DcC6l4ZzuS+JBAzI5XjtLFDCc08zYeZ0kLnaH2g=
github.com/hashicorp/go-version v0.0.0-20161031182605-e96d38404026/go.mod h1:fltr4n8CU8Ke44wwGCBoEymUuxUHl09ZGVZPK5anwXA=
github.com/liip/sheriff v0.11.1 h1:52YGzskXFPSEnwfEtXnbPiMKKXJGm5IP45s8Ogw0Wyk=
github.com/liip/sheriff v0.11.1/go.mod h1:nVTQYHxfdIfOHnk5FREt4j6cnaSlJPUfXFVORfgGmTo=
github.com/mbndr/figlet4go v0.0.0-20190224160619-d6cef5b186ea h1:mQncVDBpKkAecPcH2IMGpKUQYhwowlafQbfkz2QFqkc=
github.com/mbndr/figlet4go v0.0.0-20190224160619-d6cef5b186ea/go.mod h1:QzTGLGoOqLHUBK8/EZ0v4Fa4CdyXmdyRwCHcl0YbeO4=
github.com/pmezard/go-difflib v1.0.0/go.mod h1:iKH77koFhYxTK1pcRnkKkqfTogsbg7gZNVY4sRDYZ/4=
github.com/sirupsen/logrus v1.8.1 h1:dJKuHgqk1NNQlqoA6BTlM1Wf9DOH3NBjQyu0h9+AZZE=
github.com/sirupsen/logrus v1.8.1/go.mod h1:yWOB1SBYBC5VeMP7gHvWumXLIWorT60ONWic61uBYv0=
github.com/stretchr/objx v0.1.0/go.mod h1:HFkY916IF+rwdDfMAkV7OtwuqBVzrE8GR6GFx+wExME=
github.com/stretchr/testify v1.2.2/go.mod h1:a8OnRcib4nhh0OaRAV+Yts87kKdq0PP7pXfy6kDkUVs=
github.com/stretchr/testify v1.6.1/go.mod h1:6Fq8oRcR53rry900zMqJjRRixrwX3KX962/h/Wwjteg=
github.com/yuin/goldmark v1.3.5/go.mod h1:mwnBkeHKe2W/ZEtQ+71ViKU8L12m81fl3OWwC1Zlc8k=
golang.org/x/crypto v0.0.0-20190308221718-c2843e01d9a2/go.mod h1:djNgcEr1/C05ACkg1iLfiJU5Ep61QUkGW8qpdssI0+w=
golang.org/x/crypto v0.0.0-20191011191535-87dc89f01550/go.mod h1:yigFU9vqHzYiE8UmvKecakEJjdnWj3jj499lnFckfCI=
golang.org/x/crypto v0.0.0-20200622213623-75b288015ac9/go.mod h1:LzIPMQfyMNhhGPhUkYOs5KpL4U8rLKemX1yGLhDgUto=
golang.org/x/mod v0.4.2/go.mod h1:s0Qsj1ACt9ePp/hMypM3fl4fZqREWJwdYDEqhRiZZUA=
golang.org/x/net v0.0.0-20190404232315-eb5bcb51f2a3/go.mod h1:t9HGtf8HONx5eT2rtn7q6eTqICYqUVnKs3thJo3Qplg=
golang.org/x/net v0.0.0-20190620200207-3b0461eec859/go.mod h1:z5CRVTTTmAJ677TzLLGU+0bjPO0LkuOLi4/5GtJWs/s=
golang.org/x/net v0.0.0-20200904194848-62affa334b73/go.mod h1:/O7V0waA8r7cgGh81Ro3o1hOxt32SMVPicZroKQ2sZA=
golang.org/x/net v0.0.0-20210316092652-d523dce5a7f4/go.mod h1:RBQZq4jEuRlivfhVLdyRGr576XBO4/greRjx4P4O3yc=
golang.org/x/net v0.0.0-20210405180319-a5a99cb37ef4/go.mod h1:p54w0d4576C0XHj96bSt6lcn1PtDYWL6XObtHCRCNQM=
golang.org/x/sync v0.0.0-20190423024810-112230192c58/go.mod h1:RxMgew5VJxzue5/jJTE5uejpjVlOe/izrB70Jof72aM=
golang.org/x/sync v0.0.0-20210220032951-036812b2e83c/go.mod h1:RxMgew5VJxzue5/jJTE5uejpjVlOe/izrB70Jof72aM=
golang.org/x/sys v0.0.0-20190215142949-d0b11bdaac8a/go.mod h1:STP8DvDyc/dI5b8T5hshtkjS+E42TnysNCUPdjciGhY=
golang.org/x/sys v0.0.0-20190412213103-97732733099d/go.mod h1:h1NjWce9XRLGQEsW7wpKNCjG9DtNlClVuFLEZdDNbEs=
golang.org/x/sys v0.0.0-20191026070338-33540a1f6037/go.mod h1:h1NjWce9XRLGQEsW7wpKNCjG9DtNlClVuFLEZdDNbEs=
golang.org/x/sys v0.0.0-20200323222414-85ca7c5b95cd/go.mod h1:h1NjWce9XRLGQEsW7wpKNCjG9DtNlClVuFLEZdDNbEs=
golang.org/x/sys v0.0.0-20201119102817-f84b799fce68/go.mod h1:h1NjWce9XRLGQEsW7wpKNCjG9DtNlClVuFLEZdDNbEs=
golang.org/x/sys v0.0.0-20210315160823-c6e025ad8005/go.mod h1:h1NjWce9XRLGQEsW7wpKNCjG9DtNlClVuFLEZdDNbEs=
golang.org/x/sys v0.0.0-20210330210617-4fbd30eecc44/go.mod h1:h1NjWce9XRLGQEsW7wpKNCjG9DtNlClVuFLEZdDNbEs=
golang.org/x/sys v0.0.0-20210510120138-977fb7262007 h1:gG67DSER+11cZvqIMb8S8bt0vZtiN6xWYARwirrOSfE=
golang.org/x/sys v0.0.0-20210510120138-977fb7262007/go.mod h1:oPkhp1MJrh7nUepCBck5+mAzfO9JrbApNNgaTdGDITg=
golang.org/x/term v0.0.0-20201126162022-7de9c90e9dd1/go.mod h1:bj7SfCRtBDWHUb9snDiAeCFNEtKQo2Wmx5Cou7ajbmo=
golang.org/x/text v0.3.0/go.mod h1:NqM8EUOU14njkJ3fqMW+pc6Ldnwhi/IjpwHt7yyuwOQ=
golang.org/x/text v0.3.3/go.mod h1:5Zoc/QRtKVWzQhOtBMvqHzDpF6irO9z98xDceosuGiQ=
golang.org/x/tools v0.0.0-20180917221912-90fa682c2a6e/go.mod h1:n7NCudcB/nEzxVGmLbDWY5pfWTLqBcC2KZ6jyYvM4mQ=
golang.org/x/tools v0.0.0-20191119224855-298f0cb1881e/go.mod h1:b+2E5dAYhXwXZwtnZ6UAqBI28+e2cm9otk0dWdXHAEo=
golang.org/x/tools v0.1.1/go.mod h1:o0xws9oXOQQZyjljx8fwUC0k7L1pTE6eaCbjGeHmOkk=
golang.org/x/xerrors v0.0.0-20190717185122-a985d3407aa7/go.mod h1:I/5z698sn9Ka8TeJc9MKroUUfqBBauWjQqLJ2OPfmY0=
golang.org/x/xerrors v0.0.0-20191011141410-1b5146add898/go.mod h1:I/5z698sn9Ka8TeJc9MKroUUfqBBauWjQqLJ2OPfmY0=
golang.org/x/xerrors v0.0.0-20200804184101-5ec99f83aff1/go.mod h1:I/5z698sn9Ka8TeJc9MKroUUfqBBauWjQqLJ2OPfmY0=
gopkg.in/check.v1 v0.0.0-20161208181325-20d25e280405/go.mod h1:Co6ibVJAznAaIkqp8huTwlJQCZ016jof/cbN4VW5Yz0=
gopkg.in/yaml.v3 v3.0.0-20200313102051-9f266ea9e77c/go.mod h1:K4uyk7z7BCEPqu6E+C64Yfv1cQ7kz7rIZviUmN+EgEM=
